github.com/fsnotify/fsnotify v1.4.9 h1:hsms1Qyu0jgnwNXIxa+/V/PDsU6CfLf6CNO8H7IWoS4=
github.com/fsnotify/fsnotify v1.4.9/go.mod h1:znqG4EE+3YCdAaPaxE2ZRY/06pZUdp0tY4IgpuI1SZQ=
github.com/go-sql-driver/mysql v1.5.0/go.mod h1:DCzpHaOWr8IXmIStZouvnhqoel9Qv2LBy8hT2VhHyBg=
github.com/goinbox/color v1.0.0 h1:w+HhREKjA3rnGdIxcVbp+ssFvPfMocIHjBbXNMH9gGU=
github.com/goinbox/color v1.0.0/go.mod h1:LKewYUaZLTr4h7G8CUv4Lt6JmOAD0wQePGEIF8faaqk=
github.com/goinbox/crypto v1.2.0 h1:vj0c7fafQ62VbqnHKxsT4bwYNB4XpbawdNrZxRPJN8g=
github.com/goinbox/crypto v1.2.0/go.mod h1:egr0zTiqZ2CZC2GVPNlRscTYJBHTdr3Bg7EHYQSrvzU=
github.com/goinbox/goerror v1.0.0 h1:9jgltm4MeAaWZUoaYML5IHrMbBM5bj/0L1sSK4ln/uk=
github.com/goinbox/goerror v1.0.0/go.mod h1:UCTdqJUxUBHR+FHZ9pVwovz0kd4fivNpDQS+axBHzrc=
github.com/goinbox/gohttp v4.6.0+incompatible h1:3DcTlNESiPnfCKed8y4crwxzg+XTSgJ0fmaww1/H9VQ=
github.com/goinbox/gohttp v4.6.0+incompatible/go.mod h1:Cfz21nVkHAQ0FgKq8TGgqWIVhgBDSMHwm2JlxfTANj8=
github.com/goinbox/golog v2.2.0+incompatible h1:QprXwk0AHzIiWqy/3ict5735MIiwy0YR9Mb7VtTfHoE=
github.com/goinbox/golog v2.2.0+incompatible/go.mod h1:LpDh2j8NT1DzCFjkpE3joekJWaVxUt+BolHh52GJqtA=
github.com/goinbox/gomisc v1.2.0 h1:T1CHnG8yxUzQIzTJWReqEKfTlZ5krj1UULXO+yi3WiE=
github.com/goinbox/gomisc v1.2.0/go.mod h1:SPnA6bKoY+HIxNBbO2zRX0jBHu0lmi3nCLbZR40aiSs=
github.com/goinbox/mysql v1.2.3/go.mod h1:dZ8/2cy1ieZoGNtHesR4sZOc6MWQQGpHXUHKEm8hd+A=
github.com/goinbox/pool v1.0.1/go.mod h1:2F09/yX9GI20pjM0jicH/BGpIPkytKw2NmpCWV3TU4M=
golang.org/x/sys v0.0.0-20191005200804-aed5e4c7ecf9/go.mod h1:h1NjWce9XRLGQEsW7wpKNCjG9DtNlClVuFLEZdDNbEs=
golang.org/x/sys v0.0.0-20201214210602-f9fddec55a1e h1:AyodaIpKjppX+cBfTASF2E1US3H2JFBj920Ot3rtDjs=
golang.org/x/sys v0.0.0-20201214210602-f9fddec55a1e/go.mod h1:h1NjWce9XRLGQEsW7wpKNCjG9DtNlClVuFLEZdDNbEs=
golang.org/x/sys v0.0.0-20201223074533-0d417f636930 h1:vRgIt+nup/B/BwIS0g2oC0haq0iqbV3ZA+u6+0TlNCo=
golang.org/x/sys v0.0.0-20201223074533-0d417f636930/go.mod h1:h1NjWce9XRLGQEsW7wpKNCjG9DtNlClVuFLEZdDNbEs=
golang.org/x/sys v0.0.0-20210108172913-0df2131ae363 h1:wHn06sgWHMO1VsQ8F+KzDJx/JzqfsNLnc+oEi07qD7s=
golang.org/x/sys v0.0.0-20210108172913-0df2131ae363/go.mod h1:h1NjWce9XRLGQEsW7wpKNCjG9DtNlClVuFLEZdDNbEs=
