github.com/go-sql-driver/mysql v1.5.0 h1:ozyZYNQW3x3HtqT1jira07DN2PArx2v7/mN66gGcHOs=
github.com/go-sql-driver/mysql v1.5.0/go.mod h1:DCzpHaOWr8IXmIStZouvnhqoel9Qv2LBy8hT2VhHyBg=
github.com/goinbox/color v1.0.0 h1:w+HhREKjA3rnGdIxcVbp+ssFvPfMocIHjBbXNMH9gGU=
github.com/goinbox/color v1.0.0/go.mod h1:LKewYUaZLTr4h7G8CUv4Lt6JmOAD0wQePGEIF8faaqk=
github.com/goinbox/crypto v1.2.0 h1:vj0c7fafQ62VbqnHKxsT4bwYNB4XpbawdNrZxRPJN8g=
github.com/goinbox/crypto v1.2.0/go.mod h1:egr0zTiqZ2CZC2GVPNlRscTYJBHTdr3Bg7EHYQSrvzU=
github.com/goinbox/exception v1.0.1 h1:3Po+hdES2qz2PKVJEWXC59MYOIQBaIBBl8jrymFjdTA=
github.com/goinbox/exception v1.0.1/go.mod h1:9c6nuIh9s/iINQCo9EtB9y11LhJ6ZC1OuzKB/8KIo5k=
github.com/goinbox/gohttp v4.4.3+incompatible h1:M9jKA36yZtyIluGDcnKxIwI85Q1yeqZgwpsePp9uKp8=
github.com/goinbox/gohttp v4.4.3+incompatible/go.mod h1:Cfz21nVkHAQ0FgKq8TGgqWIVhgBDSMHwm2JlxfTANj8=
github.com/goinbox/golog v2.2.0+incompatible h1:QprXwk0AHzIiWqy/3ict5735MIiwy0YR9Mb7VtTfHoE=
github.com/goinbox/golog v2.2.0+incompatible/go.mod h1:LpDh2j8NT1DzCFjkpE3joekJWaVxUt+BolHh52GJqtA=
github.com/goinbox/gomisc v1.2.0 h1:T1CHnG8yxUzQIzTJWReqEKfTlZ5krj1UULXO+yi3WiE=
github.com/goinbox/gomisc v1.2.0/go.mod h1:SPnA6bKoY+HIxNBbO2zRX0jBHu0lmi3nCLbZR40aiSs=
github.com/goinbox/mysql v1.2.3 h1:5JUiS1IeI6dm+kcMHnPQJ9/OEFCwMvUT9lO1pT3medk=
github.com/goinbox/mysql v1.2.3/go.mod h1:dZ8/2cy1ieZoGNtHesR4sZOc6MWQQGpHXUHKEm8hd+A=
github.com/goinbox/pool v1.0.1 h1:aPHPQpv5ax21+L2VQ6cVBVu9nVAfWYR+MmmIgm6UiJ0=
github.com/goinbox/pool v1.0.1/go.mod h1:2F09/yX9GI20pjM0jicH/BGpIPkytKw2NmpCWV3TU4M=
